
Microsoft Visual Studio Solution File, Format Version 12.00
# Visual Studio Version 17
VisualStudioVersion = 17.0.32112.339
MinimumVisualStudioVersion = 10.0.40219.1
Project("{9A19103F-16F7-4668-BE54-9A1E7A4F7556}") = "TransferLearningAudio", "TransferLearningAudio\TransferLearningAudio.csproj", "{DB20491E-1A01-46C0-948A-1FC2D395ED0D}"
EndProject
Global
	GlobalSection(SolutionConfigurationPlatforms) = preSolution
		Debug|Any CPU = Debug|Any CPU
		Release|Any CPU = Release|Any CPU
	EndGlobalSection
	GlobalSection(ProjectConfigurationPlatforms) = postSolution
		{DB20491E-1A01-46C0-948A-1FC2D395ED0D}.Debug|Any CPU.ActiveCfg = Debug|Any CPU
		{DB20491E-1A01-46C0-948A-1FC2D395ED0D}.Debug|Any CPU.Build.0 = Debug|Any CPU
		{DB20491E-1A01-46C0-948A-1FC2D395ED0D}.Release|Any CPU.ActiveCfg = Release|Any CPU
		{DB20491E-1A01-46C0-948A-1FC2D395ED0D}.Release|Any CPU.Build.0 = Release|Any CPU
	EndGlobalSection
	GlobalSection(SolutionProperties) = preSolution
		HideSolutionNode = FALSE
	EndGlobalSection
	GlobalSection(ExtensibilityGlobals) = postSolution
		SolutionGuid = {BDBEEE03-E854-4ED4-B653-47D874E95046}
	EndGlobalSection
EndGlobal
